
Microsoft Visual Studio Solution File, Format Version 12.00
Project("{FAE04EC0-301F-11D3-BF4B-00C04F79EFBC}") = "Task_1", "Task_1\Task_1.csproj", "{F7C24351-D819-485A-9DC1-383CF0A1DD2A}"
EndProject
Global
	GlobalSection(SolutionConfigurationPlatforms) = preSolution
		Debug|Any CPU = Debug|Any CPU
		Release|Any CPU = Release|Any CPU
	EndGlobalSection
	GlobalSection(ProjectConfigurationPlatforms) = postSolution
		{F7C24351-D819-485A-9DC1-383CF0A1DD2A}.Debug|Any CPU.ActiveCfg = Debug|Any CPU
		{F7C24351-D819-485A-9DC1-383CF0A1DD2A}.Debug|Any CPU.Build.0 = Debug|Any CPU
		{F7C24351-D819-485A-9DC1-383CF0A1DD2A}.Release|Any CPU.ActiveCfg = Release|Any CPU
		{F7C24351-D819-485A-9DC1-383CF0A1DD2A}.Release|Any CPU.Build.0 = Release|Any CPU
	EndGlobalSection
EndGlobal
